
Microsoft Visual Studio Solution File, Format Version 12.00
# Visual Studio Version 17
VisualStudioVersion = 17.5.33103.201
MinimumVisualStudioVersion = 10.0.40219.1
Project("{FAE04EC0-301F-11D3-BF4B-00C04F79EFBC}") = "Blazor-1957", "Blazor-1957\Blazor-1957.csproj", "{EF7EE24E-B207-4F07-A4FD-953FCAC9C3D3}"
EndProject
Global
	GlobalSection(SolutionConfigurationPlatforms) = preSolution
		Debug|Any CPU = Debug|Any CPU
		Release|Any CPU = Release|Any CPU
	EndGlobalSection
	GlobalSection(ProjectConfigurationPlatforms) = postSolution
		{EF7EE24E-B207-4F07-A4FD-953FCAC9C3D3}.Debug|Any CPU.ActiveCfg = Debug|Any CPU
		{EF7EE24E-B207-4F07-A4FD-953FCAC9C3D3}.Debug|Any CPU.Build.0 = Debug|Any CPU
		{EF7EE24E-B207-4F07-A4FD-953FCAC9C3D3}.Release|Any CPU.ActiveCfg = Release|Any CPU
		{EF7EE24E-B207-4F07-A4FD-953FCAC9C3D3}.Release|Any CPU.Build.0 = Release|Any CPU
	EndGlobalSection
	GlobalSection(SolutionProperties) = preSolution
		HideSolutionNode = FALSE
	EndGlobalSection
	GlobalSection(ExtensibilityGlobals) = postSolution
		SolutionGuid = {094AF71A-8851-4A33-934C-138E5791A020}
	EndGlobalSection
EndGlobal
